
Microsoft Visual Studio Solution File, Format Version 12.00
# Visual Studio Version 16
VisualStudioVersion = 16.0.30011.22
MinimumVisualStudioVersion = 10.0.40219.1
Project("{8BC9CEB8-8B4A-11D0-8D11-00A0C91BC942}") = "iocp_server", "iocp_server\iocp_server.vcxproj", "{563A2DB5-1FD7-465C-A161-827412C90B94}"
EndProject
Project("{8BC9CEB8-8B4A-11D0-8D11-00A0C91BC942}") = "iocp_server_example", "iocp_server_example\iocp_server_example.vcxproj", "{21F168CF-DCD0-4E54-9E0B-5522390EA2DA}"
EndProject
Project("{8BC9CEB8-8B4A-11D0-8D11-00A0C91BC942}") = "client_example", "client_example\client_example.vcxproj", "{A1013001-1603-4B81-BEF8-FB86805E3151}"
EndProject
Global
	GlobalSection(SolutionConfigurationPlatforms) = preSolution
		Debug|x64 = Debug|x64
		Debug|x86 = Debug|x86
		Release|x64 = Release|x64
		Release|x86 = Release|x86
	EndGlobalSection
	GlobalSection(ProjectConfigurationPlatforms) = postSolution
		{563A2DB5-1FD7-465C-A161-827412C90B94}.Debug|x64.ActiveCfg = Debug|x64
		{563A2DB5-1FD7-465C-A161-827412C90B94}.Debug|x64.Build.0 = Debug|x64
		{563A2DB5-1FD7-465C-A161-827412C90B94}.Debug|x86.ActiveCfg = Debug|Win32
		{563A2DB5-1FD7-465C-A161-827412C90B94}.Debug|x86.Build.0 = Debug|Win32
		{563A2DB5-1FD7-465C-A161-827412C90B94}.Release|x64.ActiveCfg = Release|x64
		{563A2DB5-1FD7-465C-A161-827412C90B94}.Release|x64.Build.0 = Release|x64
		{563A2DB5-1FD7-465C-A161-827412C90B94}.Release|x86.ActiveCfg = Release|Win32
		{563A2DB5-1FD7-465C-A161-827412C90B94}.Release|x86.Build.0 = Release|Win32
		{21F168CF-DCD0-4E54-9E0B-5522390EA2DA}.Debug|x64.ActiveCfg = Debug|x64
		{21F168CF-DCD0-4E54-9E0B-5522390EA2DA}.Debug|x64.Build.0 = Debug|x64
		{21F168CF-DCD0-4E54-9E0B-5522390EA2DA}.Debug|x86.ActiveCfg = Debug|Win32
		{21F168CF-DCD0-4E54-9E0B-5522390EA2DA}.Debug|x86.Build.0 = Debug|Win32
		{21F168CF-DCD0-4E54-9E0B-5522390EA2DA}.Release|x64.ActiveCfg = Release|x64
		{21F168CF-DCD0-4E54-9E0B-5522390EA2DA}.Release|x64.Build.0 = Release|x64
		{21F168CF-DCD0-4E54-9E0B-5522390EA2DA}.Release|x86.ActiveCfg = Release|Win32
		{21F168CF-DCD0-4E54-9E0B-5522390EA2DA}.Release|x86.Build.0 = Release|Win32
		{A1013001-1603-4B81-BEF8-FB86805E3151}.Debug|x64.ActiveCfg = Debug|x64
		{A1013001-1603-4B81-BEF8-FB86805E3151}.Debug|x64.Build.0 = Debug|x64
		{A1013001-1603-4B81-BEF8-FB86805E3151}.Debug|x86.ActiveCfg = Debug|Win32
		{A1013001-1603-4B81-BEF8-FB86805E3151}.Debug|x86.Build.0 = Debug|Win32
		{A1013001-1603-4B81-BEF8-FB86805E3151}.Release|x64.ActiveCfg = Release|x64
		{A1013001-1603-4B81-BEF8-FB86805E3151}.Release|x64.Build.0 = Release|x64
		{A1013001-1603-4B81-BEF8-FB86805E3151}.Release|x86.ActiveCfg = Release|Win32
		{A1013001-1603-4B81-BEF8-FB86805E3151}.Release|x86.Build.0 = Release|Win32
	EndGlobalSection
	GlobalSection(SolutionProperties) = preSolution
		HideSolutionNode = FALSE
	EndGlobalSection
	GlobalSection(ExtensibilityGlobals) = postSolution
		SolutionGuid = {B266391E-9B5B-4116-A1D6-4A2E5AD1D292}
	EndGlobalSection
EndGlobal
